
Microsoft Visual Studio Solution File, Format Version 12.00
# Visual Studio Version 17
VisualStudioVersion = 17.0.31903.59
MinimumVisualStudioVersion = 10.0.40219.1
Project("{FAE04EC0-301F-11D3-BF4B-00C04F79EFBC}") = "DocQnA.Presentation", "DocQnA.Presentation\DocQnA.Presentation.csproj", "{150003F5-916A-4C45-A309-44D523D9311A}"
EndProject
Project("{FAE04EC0-301F-11D3-BF4B-00C04F79EFBC}") = "DocQnA.Application", "DocQnA.Application\DocQnA.Application.csproj", "{EF4497EA-FD20-4117-8DBE-81D5CCA4B65C}"
EndProject
Project("{FAE04EC0-301F-11D3-BF4B-00C04F79EFBC}") = "DocQnA.Infrastructure", "DocQnA.Infrastructure\DocQnA.Infrastructure.csproj", "{274A68F6-6C64-45AB-A45C-0754CD6256F8}"
EndProject
Global
	GlobalSection(SolutionConfigurationPlatforms) = preSolution
		Debug|Any CPU = Debug|Any CPU
		Release|Any CPU = Release|Any CPU
	EndGlobalSection
	GlobalSection(SolutionProperties) = preSolution
		HideSolutionNode = FALSE
	EndGlobalSection
	GlobalSection(ProjectConfigurationPlatforms) = postSolution
		{150003F5-916A-4C45-A309-44D523D9311A}.Debug|Any CPU.ActiveCfg = Debug|Any CPU
		{150003F5-916A-4C45-A309-44D523D9311A}.Debug|Any CPU.Build.0 = Debug|Any CPU
		{150003F5-916A-4C45-A309-44D523D9311A}.Release|Any CPU.ActiveCfg = Release|Any CPU
		{150003F5-916A-4C45-A309-44D523D9311A}.Release|Any CPU.Build.0 = Release|Any CPU
		{EF4497EA-FD20-4117-8DBE-81D5CCA4B65C}.Debug|Any CPU.ActiveCfg = Debug|Any CPU
		{EF4497EA-FD20-4117-8DBE-81D5CCA4B65C}.Debug|Any CPU.Build.0 = Debug|Any CPU
		{EF4497EA-FD20-4117-8DBE-81D5CCA4B65C}.Release|Any CPU.ActiveCfg = Release|Any CPU
		{EF4497EA-FD20-4117-8DBE-81D5CCA4B65C}.Release|Any CPU.Build.0 = Release|Any CPU
		{274A68F6-6C64-45AB-A45C-0754CD6256F8}.Debug|Any CPU.ActiveCfg = Debug|Any CPU
		{274A68F6-6C64-45AB-A45C-0754CD6256F8}.Debug|Any CPU.Build.0 = Debug|Any CPU
		{274A68F6-6C64-45AB-A45C-0754CD6256F8}.Release|Any CPU.ActiveCfg = Release|Any CPU
		{274A68F6-6C64-45AB-A45C-0754CD6256F8}.Release|Any CPU.Build.0 = Release|Any CPU
	EndGlobalSection
EndGlobal
